
Microsoft Visual Studio Solution File, Format Version 12.00
# Visual Studio Version 17
VisualStudioVersion = 17.11.35222.181
MinimumVisualStudioVersion = 10.0.40219.1
Project("{FAE04EC0-301F-11D3-BF4B-00C04F79EFBC}") = "WP1", "WP1\WP1.csproj", "{A49E0965-4525-4A08-B0BB-7665A9893F27}"
EndProject
Global
	GlobalSection(SolutionConfigurationPlatforms) = preSolution
		Debug|Any CPU = Debug|Any CPU
		Release|Any CPU = Release|Any CPU
	EndGlobalSection
	GlobalSection(ProjectConfigurationPlatforms) = postSolution
		{A49E0965-4525-4A08-B0BB-7665A9893F27}.Debug|Any CPU.ActiveCfg = Debug|Any CPU
		{A49E0965-4525-4A08-B0BB-7665A9893F27}.Debug|Any CPU.Build.0 = Debug|Any CPU
		{A49E0965-4525-4A08-B0BB-7665A9893F27}.Release|Any CPU.ActiveCfg = Release|Any CPU
		{A49E0965-4525-4A08-B0BB-7665A9893F27}.Release|Any CPU.Build.0 = Release|Any CPU
	EndGlobalSection
	GlobalSection(SolutionProperties) = preSolution
		HideSolutionNode = FALSE
	EndGlobalSection
	GlobalSection(ExtensibilityGlobals) = postSolution
		SolutionGuid = {0DCE84E9-43CE-49A1-AA63-41CEFFA37F6A}
	EndGlobalSection
EndGlobal
